
Microsoft Visual Studio Solution File, Format Version 12.00
# Visual Studio Version 16
VisualStudioVersion = 16.0.31624.102
MinimumVisualStudioVersion = 10.0.40219.1
Project("{FAE04EC0-301F-11D3-BF4B-00C04F79EFBC}") = "Student Management System", "Student Management System.csproj", "{B6273240-C1F7-4AF3-A4F2-CCB8E0132964}"
EndProject
Global
	GlobalSection(SolutionConfigurationPlatforms) = preSolution
		Debug|Any CPU = Debug|Any CPU
		Release|Any CPU = Release|Any CPU
	EndGlobalSection
	GlobalSection(ProjectConfigurationPlatforms) = postSolution
		{B6273240-C1F7-4AF3-A4F2-CCB8E0132964}.Debug|Any CPU.ActiveCfg = Debug|Any CPU
		{B6273240-C1F7-4AF3-A4F2-CCB8E0132964}.Debug|Any CPU.Build.0 = Debug|Any CPU
		{B6273240-C1F7-4AF3-A4F2-CCB8E0132964}.Release|Any CPU.ActiveCfg = Release|Any CPU
		{B6273240-C1F7-4AF3-A4F2-CCB8E0132964}.Release|Any CPU.Build.0 = Release|Any CPU
	EndGlobalSection
	GlobalSection(SolutionProperties) = preSolution
		HideSolutionNode = FALSE
	EndGlobalSection
	GlobalSection(ExtensibilityGlobals) = postSolution
		SolutionGuid = {2A6AEA81-321E-4317-92DE-066816BD63ED}
	EndGlobalSection
EndGlobal
